// !$*UTF8*$!
{
	archiveVersion = 1;
	classes = {
	};
	objectVersion = 46;
	objects = {

/* Begin PBXBuildFile section */
		47F84A9372BCFC455AF48D66 /* Pods_TinyAgainstTheGiantsTests.framework in Frameworks */ = {isa = PBXBuildFile; fileRef = 09750893068B31FFDA233E29 /* Pods_TinyAgainstTheGiantsTests.framework */; };
		8B013D701E18B15100AC7D74 /* GameSceneTests.swift in Sources */ = {isa = PBXBuildFile; fileRef = 8B013D6F1E18B15100AC7D74 /* GameSceneTests.swift */; };
		8B013D721E18B5F900AC7D74 /* PlayerEntity.swift in Sources */ = {isa = PBXBuildFile; fileRef = 8B013D711E18B5F900AC7D74 /* PlayerEntity.swift */; };
		8B013D741E18B72E00AC7D74 /* PlayerEntityTests.swift in Sources */ = {isa = PBXBuildFile; fileRef = 8B013D731E18B72E00AC7D74 /* PlayerEntityTests.swift */; };
		8B013D761E18B85000AC7D74 /* RenderComponent.swift in Sources */ = {isa = PBXBuildFile; fileRef = 8B013D751E18B85000AC7D74 /* RenderComponent.swift */; };
		8B013D781E18B89C00AC7D74 /* RenderComponentTests.swift in Sources */ = {isa = PBXBuildFile; fileRef = 8B013D771E18B89C00AC7D74 /* RenderComponentTests.swift */; };
		8B013D7A1E18BED200AC7D74 /* SpriteComponent.swift in Sources */ = {isa = PBXBuildFile; fileRef = 8B013D791E18BED200AC7D74 /* SpriteComponent.swift */; };
		8B013D7C1E18BEE700AC7D74 /* SpriteComponentTests.swift in Sources */ = {isa = PBXBuildFile; fileRef = 8B013D7B1E18BEE700AC7D74 /* SpriteComponentTests.swift */; };
		8B013D811E18CEFB00AC7D74 /* EntityManager.swift in Sources */ = {isa = PBXBuildFile; fileRef = 8B013D801E18CEFB00AC7D74 /* EntityManager.swift */; };
		8B013D831E18CF5600AC7D74 /* EntityManagerTests.swift in Sources */ = {isa = PBXBuildFile; fileRef = 8B013D821E18CF5600AC7D74 /* EntityManagerTests.swift */; };
		8B0EB1C91E194A9000128B41 /* EntityBuilder.swift in Sources */ = {isa = PBXBuildFile; fileRef = 8B0EB1C81E194A9000128B41 /* EntityBuilder.swift */; };
		8B0EB1CB1E194AAE00128B41 /* EntityBuilderTests.swift in Sources */ = {isa = PBXBuildFile; fileRef = 8B0EB1CA1E194AAE00128B41 /* EntityBuilderTests.swift */; };
		8B78380F1E1813E700A55B42 /* GameViewControllerTests.swift in Sources */ = {isa = PBXBuildFile; fileRef = 8B78380E1E1813E700A55B42 /* GameViewControllerTests.swift */; };
		8BC0E4011E177A1B0087C7E2 /* AppDelegate.swift in Sources */ = {isa = PBXBuildFile; fileRef = 8BC0E4001E177A1B0087C7E2 /* AppDelegate.swift */; };
		8BC0E4071E177A1C0087C7E2 /* GameScene.swift in Sources */ = {isa = PBXBuildFile; fileRef = 8BC0E4061E177A1C0087C7E2 /* GameScene.swift */; };
		8BC0E4091E177A1C0087C7E2 /* GameViewController.swift in Sources */ = {isa = PBXBuildFile; fileRef = 8BC0E4081E177A1C0087C7E2 /* GameViewController.swift */; };
		8BC0E40C1E177A1C0087C7E2 /* Main.storyboard in Resources */ = {isa = PBXBuildFile; fileRef = 8BC0E40A1E177A1C0087C7E2 /* Main.storyboard */; };
		8BC0E40E1E177A1C0087C7E2 /* Assets.xcassets in Resources */ = {isa = PBXBuildFile; fileRef = 8BC0E40D1E177A1C0087C7E2 /* Assets.xcassets */; };
		8BC0E4111E177A1C0087C7E2 /* LaunchScreen.storyboard in Resources */ = {isa = PBXBuildFile; fileRef = 8BC0E40F1E177A1C0087C7E2 /* LaunchScreen.storyboard */; };
		8BEAD7F51E19B1EC007F68C5 /* CameraBuilder.swift in Sources */ = {isa = PBXBuildFile; fileRef = 8BEAD7F41E19B1EC007F68C5 /* CameraBuilder.swift */; };
		8BEAD7F71E19B288007F68C5 /* CameraBuilderSpec.swift in Sources */ = {isa = PBXBuildFile; fileRef = 8BEAD7F61E19B288007F68C5 /* CameraBuilderSpec.swift */; };
		C905AE553631015C9015B74C /* Pods_TinyAgainstTheGiants.framework in Frameworks */ = {isa = PBXBuildFile; fileRef = 34CC81EC61ED0769CEEA02F9 /* Pods_TinyAgainstTheGiants.framework */; };
/* End PBXBuildFile section */

/* Begin PBXContainerItemProxy section */
		8BC0E4181E177A1C0087C7E2 /* PBXContainerItemProxy */ = {
			isa = PBXContainerItemProxy;
			containerPortal = 8BC0E3F51E177A1B0087C7E2 /* Project object */;
			proxyType = 1;
			remoteGlobalIDString = 8BC0E3FC1E177A1B0087C7E2;
			remoteInfo = TinyAgainstTheGiants;
		};
		8BC0E4231E177A1C0087C7E2 /* PBXContainerItemProxy */ = {
			isa = PBXContainerItemProxy;
			containerPortal = 8BC0E3F51E177A1B0087C7E2 /* Project object */;
			proxyType = 1;
			remoteGlobalIDString = 8BC0E3FC1E177A1B0087C7E2;
			remoteInfo = TinyAgainstTheGiants;
		};
/* End PBXContainerItemProxy section */

/* Begin PBXFileReference section */
		09750893068B31FFDA233E29 /* Pods_TinyAgainstTheGiantsTests.framework */ = {isa = PBXFileReference; explicitFileType = wrapper.framework; includeInIndex = 0; path = Pods_TinyAgainstTheGiantsTests.framework; sourceTree = BUILT_PRODUCTS_DIR; };
		0F1FC4526E2119A2CDFFD06C /* Pods-TinyAgainstTheGiantsTests.debug.xcconfig */ = {isa = PBXFileReference; includeInIndex = 1; lastKnownFileType = text.xcconfig; name = "Pods-TinyAgainstTheGiantsTests.debug.xcconfig"; path = "Pods/Target Support Files/Pods-TinyAgainstTheGiantsTests/Pods-TinyAgainstTheGiantsTests.debug.xcconfig"; sourceTree = "<group>"; };
		2045F7740570CFA5424B13AD /* Pods-TinyAgainstTheGiants.debug.xcconfig */ = {isa = PBXFileReference; includeInIndex = 1; lastKnownFileType = text.xcconfig; name = "Pods-TinyAgainstTheGiants.debug.xcconfig"; path = "Pods/Target Support Files/Pods-TinyAgainstTheGiants/Pods-TinyAgainstTheGiants.debug.xcconfig"; sourceTree = "<group>"; };
		2BB815FE8D9A209C0DF243D5 /* Pods-TinyAgainstTheGiantsTests.release.xcconfig */ = {isa = PBXFileReference; includeInIndex = 1; lastKnownFileType = text.xcconfig; name = "Pods-TinyAgainstTheGiantsTests.release.xcconfig"; path = "Pods/Target Support Files/Pods-TinyAgainstTheGiantsTests/Pods-TinyAgainstTheGiantsTests.release.xcconfig"; sourceTree = "<group>"; };
		34CC81EC61ED0769CEEA02F9 /* Pods_TinyAgainstTheGiants.framework */ = {isa = PBXFileReference; explicitFileType = wrapper.framework; includeInIndex = 0; path = Pods_TinyAgainstTheGiants.framework; sourceTree = BUILT_PRODUCTS_DIR; };
		8B013D6F1E18B15100AC7D74 /* GameSceneTests.swift */ = {isa = PBXFileReference; fileEncoding = 4; lastKnownFileType = sourcecode.swift; path = GameSceneTests.swift; sourceTree = "<group>"; };
		8B013D711E18B5F900AC7D74 /* PlayerEntity.swift */ = {isa = PBXFileReference; fileEncoding = 4; lastKnownFileType = sourcecode.swift; path = PlayerEntity.swift; sourceTree = "<group>"; };
		8B013D731E18B72E00AC7D74 /* PlayerEntityTests.swift */ = {isa = PBXFileReference; fileEncoding = 4; lastKnownFileType = sourcecode.swift; path = PlayerEntityTests.swift; sourceTree = "<group>"; };
		8B013D751E18B85000AC7D74 /* RenderComponent.swift */ = {isa = PBXFileReference; fileEncoding = 4; lastKnownFileType = sourcecode.swift; path = RenderComponent.swift; sourceTree = "<group>"; };
		8B013D771E18B89C00AC7D74 /* RenderComponentTests.swift */ = {isa = PBXFileReference; fileEncoding = 4; lastKnownFileType = sourcecode.swift; path = RenderComponentTests.swift; sourceTree = "<group>"; };
		8B013D791E18BED200AC7D74 /* SpriteComponent.swift */ = {isa = PBXFileReference; fileEncoding = 4; lastKnownFileType = sourcecode.swift; path = SpriteComponent.swift; sourceTree = "<group>"; };
		8B013D7B1E18BEE700AC7D74 /* SpriteComponentTests.swift */ = {isa = PBXFileReference; fileEncoding = 4; lastKnownFileType = sourcecode.swift; path = SpriteComponentTests.swift; sourceTree = "<group>"; };
		8B013D801E18CEFB00AC7D74 /* EntityManager.swift */ = {isa = PBXFileReference; fileEncoding = 4; lastKnownFileType = sourcecode.swift; path = EntityManager.swift; sourceTree = "<group>"; };
		8B013D821E18CF5600AC7D74 /* EntityManagerTests.swift */ = {isa = PBXFileReference; fileEncoding = 4; lastKnownFileType = sourcecode.swift; path = EntityManagerTests.swift; sourceTree = "<group>"; };
		8B0EB1C81E194A9000128B41 /* EntityBuilder.swift */ = {isa = PBXFileReference; fileEncoding = 4; lastKnownFileType = sourcecode.swift; path = EntityBuilder.swift; sourceTree = "<group>"; };
		8B0EB1CA1E194AAE00128B41 /* EntityBuilderTests.swift */ = {isa = PBXFileReference; fileEncoding = 4; lastKnownFileType = sourcecode.swift; path = EntityBuilderTests.swift; sourceTree = "<group>"; };
		8B78380E1E1813E700A55B42 /* GameViewControllerTests.swift */ = {isa = PBXFileReference; fileEncoding = 4; lastKnownFileType = sourcecode.swift; path = GameViewControllerTests.swift; sourceTree = "<group>"; };
		8BC0E3FD1E177A1B0087C7E2 /* TinyAgainstTheGiants.app */ = {isa = PBXFileReference; explicitFileType = wrapper.application; includeInIndex = 0; path = TinyAgainstTheGiants.app; sourceTree = BUILT_PRODUCTS_DIR; };
		8BC0E4001E177A1B0087C7E2 /* AppDelegate.swift */ = {isa = PBXFileReference; lastKnownFileType = sourcecode.swift; path = AppDelegate.swift; sourceTree = "<group>"; };
		8BC0E4061E177A1C0087C7E2 /* GameScene.swift */ = {isa = PBXFileReference; lastKnownFileType = sourcecode.swift; path = GameScene.swift; sourceTree = "<group>"; };
		8BC0E4081E177A1C0087C7E2 /* GameViewController.swift */ = {isa = PBXFileReference; lastKnownFileType = sourcecode.swift; path = GameViewController.swift; sourceTree = "<group>"; };
		8BC0E40B1E177A1C0087C7E2 /* Base */ = {isa = PBXFileReference; lastKnownFileType = file.storyboard; name = Base; path = Base.lproj/Main.storyboard; sourceTree = "<group>"; };
		8BC0E40D1E177A1C0087C7E2 /* Assets.xcassets */ = {isa = PBXFileReference; lastKnownFileType = folder.assetcatalog; path = Assets.xcassets; sourceTree = "<group>"; };
		8BC0E4101E177A1C0087C7E2 /* Base */ = {isa = PBXFileReference; lastKnownFileType = file.storyboard; name = Base; path = Base.lproj/LaunchScreen.storyboard; sourceTree = "<group>"; };
		8BC0E4121E177A1C0087C7E2 /* Info.plist */ = {isa = PBXFileReference; lastKnownFileType = text.plist.xml; path = Info.plist; sourceTree = "<group>"; };
		8BC0E4171E177A1C0087C7E2 /* TinyAgainstTheGiantsTests.xctest */ = {isa = PBXFileReference; explicitFileType = wrapper.cfbundle; includeInIndex = 0; path = TinyAgainstTheGiantsTests.xctest; sourceTree = BUILT_PRODUCTS_DIR; };
		8BC0E41D1E177A1C0087C7E2 /* Info.plist */ = {isa = PBXFileReference; lastKnownFileType = text.plist.xml; path = Info.plist; sourceTree = "<group>"; };
		8BC0E4221E177A1C0087C7E2 /* TinyAgainstTheGiantsUITests.xctest */ = {isa = PBXFileReference; explicitFileType = wrapper.cfbundle; includeInIndex = 0; path = TinyAgainstTheGiantsUITests.xctest; sourceTree = BUILT_PRODUCTS_DIR; };
		8BC0E4281E177A1C0087C7E2 /* Info.plist */ = {isa = PBXFileReference; lastKnownFileType = text.plist.xml; path = Info.plist; sourceTree = "<group>"; };
		8BEAD7F41E19B1EC007F68C5 /* CameraBuilder.swift */ = {isa = PBXFileReference; fileEncoding = 4; lastKnownFileType = sourcecode.swift; path = CameraBuilder.swift; sourceTree = "<group>"; };
		8BEAD7F61E19B288007F68C5 /* CameraBuilderSpec.swift */ = {isa = PBXFileReference; fileEncoding = 4; lastKnownFileType = sourcecode.swift; path = CameraBuilderSpec.swift; sourceTree = "<group>"; };
		C899D8E53AB62DBECDADCEE0 /* Pods-TinyAgainstTheGiants.release.xcconfig */ = {isa = PBXFileReference; includeInIndex = 1; lastKnownFileType = text.xcconfig; name = "Pods-TinyAgainstTheGiants.release.xcconfig"; path = "Pods/Target Support Files/Pods-TinyAgainstTheGiants/Pods-TinyAgainstTheGiants.release.xcconfig"; sourceTree = "<group>"; };
/* End PBXFileReference section */

/* Begin PBXFrameworksBuildPhase section */
		8BC0E3FA1E177A1B0087C7E2 /* Frameworks */ = {
			isa = PBXFrameworksBuildPhase;
			buildActionMask = 2147483647;
			files = (
				C905AE553631015C9015B74C /* Pods_TinyAgainstTheGiants.framework in Frameworks */,
			);
			runOnlyForDeploymentPostprocessing = 0;
		};
		8BC0E4141E177A1C0087C7E2 /* Frameworks */ = {
			isa = PBXFrameworksBuildPhase;
			buildActionMask = 2147483647;
			files = (
				47F84A9372BCFC455AF48D66 /* Pods_TinyAgainstTheGiantsTests.framework in Frameworks */,
			);
			runOnlyForDeploymentPostprocessing = 0;
		};
		8BC0E41F1E177A1C0087C7E2 /* Frameworks */ = {
			isa = PBXFrameworksBuildPhase;
			buildActionMask = 2147483647;
			files = (
			);
			runOnlyForDeploymentPostprocessing = 0;
		};
/* End PBXFrameworksBuildPhase section */

/* Begin PBXGroup section */
		2D5024520861491219220082 /* Pods */ = {
			isa = PBXGroup;
			children = (
				2045F7740570CFA5424B13AD /* Pods-TinyAgainstTheGiants.debug.xcconfig */,
				C899D8E53AB62DBECDADCEE0 /* Pods-TinyAgainstTheGiants.release.xcconfig */,
				0F1FC4526E2119A2CDFFD06C /* Pods-TinyAgainstTheGiantsTests.debug.xcconfig */,
				2BB815FE8D9A209C0DF243D5 /* Pods-TinyAgainstTheGiantsTests.release.xcconfig */,
			);
			name = Pods;
			sourceTree = "<group>";
		};
		7BDB7F16D771FA5A9904EB83 /* Frameworks */ = {
			isa = PBXGroup;
			children = (
				34CC81EC61ED0769CEEA02F9 /* Pods_TinyAgainstTheGiants.framework */,
				09750893068B31FFDA233E29 /* Pods_TinyAgainstTheGiantsTests.framework */,
			);
			name = Frameworks;
			sourceTree = "<group>";
		};
		8B013D6E1E18B07000AC7D74 /* Support */ = {
			isa = PBXGroup;
			children = (
				8BC0E40A1E177A1C0087C7E2 /* Main.storyboard */,
				8BC0E40F1E177A1C0087C7E2 /* LaunchScreen.storyboard */,
				8BC0E4121E177A1C0087C7E2 /* Info.plist */,
			);
			name = Support;
			sourceTree = "<group>";
		};
		8B013D7D1E18BF9900AC7D74 /* ComponentTests */ = {
			isa = PBXGroup;
			children = (
				8B013D771E18B89C00AC7D74 /* RenderComponentTests.swift */,
				8B013D7B1E18BEE700AC7D74 /* SpriteComponentTests.swift */,
			);
			name = ComponentTests;
			sourceTree = "<group>";
		};
		8B013D7E1E18BFAA00AC7D74 /* Components */ = {
			isa = PBXGroup;
			children = (
				8B013D751E18B85000AC7D74 /* RenderComponent.swift */,
				8B013D791E18BED200AC7D74 /* SpriteComponent.swift */,
			);
			name = Components;
			sourceTree = "<group>";
		};
		8BC0E3F41E177A1B0087C7E2 = {
			isa = PBXGroup;
			children = (
				8BC0E3FF1E177A1B0087C7E2 /* TinyAgainstTheGiants */,
				8BC0E41A1E177A1C0087C7E2 /* TinyAgainstTheGiantsTests */,
				8BC0E4251E177A1C0087C7E2 /* TinyAgainstTheGiantsUITests */,
				8BC0E3FE1E177A1B0087C7E2 /* Products */,
				2D5024520861491219220082 /* Pods */,
				7BDB7F16D771FA5A9904EB83 /* Frameworks */,
			);
			sourceTree = "<group>";
		};
		8BC0E3FE1E177A1B0087C7E2 /* Products */ = {
			isa = PBXGroup;
			children = (
				8BC0E3FD1E177A1B0087C7E2 /* TinyAgainstTheGiants.app */,
				8BC0E4171E177A1C0087C7E2 /* TinyAgainstTheGiantsTests.xctest */,
				8BC0E4221E177A1C0087C7E2 /* TinyAgainstTheGiantsUITests.xctest */,
			);
			name = Products;
			sourceTree = "<group>";
		};
		8BC0E3FF1E177A1B0087C7E2 /* TinyAgainstTheGiants */ = {
			isa = PBXGroup;
			children = (
				8BC0E4001E177A1B0087C7E2 /* AppDelegate.swift */,
				8BC0E4061E177A1C0087C7E2 /* GameScene.swift */,
				8BC0E4081E177A1C0087C7E2 /* GameViewController.swift */,
				8B013D6E1E18B07000AC7D74 /* Support */,
				8BC0E40D1E177A1C0087C7E2 /* Assets.xcassets */,
				8B013D711E18B5F900AC7D74 /* PlayerEntity.swift */,
				8B013D7E1E18BFAA00AC7D74 /* Components */,
				8B013D801E18CEFB00AC7D74 /* EntityManager.swift */,
				8B0EB1C81E194A9000128B41 /* EntityBuilder.swift */,
				8BEAD7F41E19B1EC007F68C5 /* CameraBuilder.swift */,
			);
			path = TinyAgainstTheGiants;
			sourceTree = "<group>";
		};
		8BC0E41A1E177A1C0087C7E2 /* TinyAgainstTheGiantsTests */ = {
			isa = PBXGroup;
			children = (
				8BC0E41D1E177A1C0087C7E2 /* Info.plist */,
				8B78380E1E1813E700A55B42 /* GameViewControllerTests.swift */,
				8B013D6F1E18B15100AC7D74 /* GameSceneTests.swift */,
				8B013D731E18B72E00AC7D74 /* PlayerEntityTests.swift */,
				8B013D7D1E18BF9900AC7D74 /* ComponentTests */,
				8B013D821E18CF5600AC7D74 /* EntityManagerTests.swift */,
				8B0EB1CA1E194AAE00128B41 /* EntityBuilderTests.swift */,
				8BEAD7F61E19B288007F68C5 /* CameraBuilderSpec.swift */,
			);
			path = TinyAgainstTheGiantsTests;
			sourceTree = "<group>";
		};
		8BC0E4251E177A1C0087C7E2 /* TinyAgainstTheGiantsUITests */ = {
			isa = PBXGroup;
			children = (
				8BC0E4281E177A1C0087C7E2 /* Info.plist */,
			);
			path = TinyAgainstTheGiantsUITests;
			sourceTree = "<group>";
		};
/* End PBXGroup section */

/* Begin PBXNativeTarget section */
		8BC0E3FC1E177A1B0087C7E2 /* TinyAgainstTheGiants */ = {
			isa = PBXNativeTarget;
			buildConfigurationList = 8BC0E42B1E177A1C0087C7E2 /* Build configuration list for PBXNativeTarget "TinyAgainstTheGiants" */;
			buildPhases = (
				DBE649A3085B9FCF20E906B5 /* [CP] Check Pods Manifest.lock */,
				8BC0E3F91E177A1B0087C7E2 /* Sources */,
				8BC0E3FA1E177A1B0087C7E2 /* Frameworks */,
				8BC0E3FB1E177A1B0087C7E2 /* Resources */,
				FE30F581D3F6C8CAB7835317 /* [CP] Embed Pods Frameworks */,
				BCADFC51CAF44A9FF4B75666 /* [CP] Copy Pods Resources */,
				8B013D7F1E18C74200AC7D74 /* ShellScript */,
			);
			buildRules = (
			);
			dependencies = (
			);
			name = TinyAgainstTheGiants;
			productName = TinyAgainstTheGiants;
			productReference = 8BC0E3FD1E177A1B0087C7E2 /* TinyAgainstTheGiants.app */;
			productType = "com.apple.product-type.application";
		};
		8BC0E4161E177A1C0087C7E2 /* TinyAgainstTheGiantsTests */ = {
			isa = PBXNativeTarget;
			buildConfigurationList = 8BC0E42E1E177A1C0087C7E2 /* Build configuration list for PBXNativeTarget "TinyAgainstTheGiantsTests" */;
			buildPhases = (
				5DED1C87AA3756FB17C26692 /* [CP] Check Pods Manifest.lock */,
				8BC0E4131E177A1C0087C7E2 /* Sources */,
				8BC0E4141E177A1C0087C7E2 /* Frameworks */,
				8BC0E4151E177A1C0087C7E2 /* Resources */,
				F5C239266AC2553C885F8F5F /* [CP] Embed Pods Frameworks */,
				5B94DF19EB5708E3DF12F93F /* [CP] Copy Pods Resources */,
			);
			buildRules = (
			);
			dependencies = (
				8BC0E4191E177A1C0087C7E2 /* PBXTargetDependency */,
			);
			name = TinyAgainstTheGiantsTests;
			productName = TinyAgainstTheGiantsTests;
			productReference = 8BC0E4171E177A1C0087C7E2 /* TinyAgainstTheGiantsTests.xctest */;
			productType = "com.apple.product-type.bundle.unit-test";
		};
		8BC0E4211E177A1C0087C7E2 /* TinyAgainstTheGiantsUITests */ = {
			isa = PBXNativeTarget;
			buildConfigurationList = 8BC0E4311E177A1C0087C7E2 /* Build configuration list for PBXNativeTarget "TinyAgainstTheGiantsUITests" */;
			buildPhases = (
				8BC0E41E1E177A1C0087C7E2 /* Sources */,
				8BC0E41F1E177A1C0087C7E2 /* Frameworks */,
				8BC0E4201E177A1C0087C7E2 /* Resources */,
			);
			buildRules = (
			);
			dependencies = (
				8BC0E4241E177A1C0087C7E2 /* PBXTargetDependency */,
			);
			name = TinyAgainstTheGiantsUITests;
			productName = TinyAgainstTheGiantsUITests;
			productReference = 8BC0E4221E177A1C0087C7E2 /* TinyAgainstTheGiantsUITests.xctest */;
			productType = "com.apple.product-type.bundle.ui-testing";
		};
/* End PBXNativeTarget section */

/* Begin PBXProject section */
		8BC0E3F51E177A1B0087C7E2 /* Project object */ = {
			isa = PBXProject;
			attributes = {
				LastSwiftUpdateCheck = 0820;
				LastUpgradeCheck = 0820;
				ORGANIZATIONNAME = "Vantan LLC";
				TargetAttributes = {
					8BC0E3FC1E177A1B0087C7E2 = {
						CreatedOnToolsVersion = 8.2.1;
						DevelopmentTeam = 38CJ7RTF4Q;
						ProvisioningStyle = Automatic;
					};
					8BC0E4161E177A1C0087C7E2 = {
						CreatedOnToolsVersion = 8.2.1;
						DevelopmentTeam = 38CJ7RTF4Q;
						ProvisioningStyle = Automatic;
						TestTargetID = 8BC0E3FC1E177A1B0087C7E2;
					};
					8BC0E4211E177A1C0087C7E2 = {
						CreatedOnToolsVersion = 8.2.1;
						DevelopmentTeam = 38CJ7RTF4Q;
						ProvisioningStyle = Automatic;
						TestTargetID = 8BC0E3FC1E177A1B0087C7E2;
					};
				};
			};
			buildConfigurationList = 8BC0E3F81E177A1B0087C7E2 /* Build configuration list for PBXProject "TinyAgainstTheGiants" */;
			compatibilityVersion = "Xcode 3.2";
			developmentRegion = English;
			hasScannedForEncodings = 0;
			knownRegions = (
				en,
				Base,
			);
			mainGroup = 8BC0E3F41E177A1B0087C7E2;
			productRefGroup = 8BC0E3FE1E177A1B0087C7E2 /* Products */;
			projectDirPath = "";
			projectRoot = "";
			targets = (
				8BC0E3FC1E177A1B0087C7E2 /* TinyAgainstTheGiants */,
				8BC0E4161E177A1C0087C7E2 /* TinyAgainstTheGiantsTests */,
				8BC0E4211E177A1C0087C7E2 /* TinyAgainstTheGiantsUITests */,
			);
		};
/* End PBXProject section */

/* Begin PBXResourcesBuildPhase section */
		8BC0E3FB1E177A1B0087C7E2 /* Resources */ = {
			isa = PBXResourcesBuildPhase;
			buildActionMask = 2147483647;
			files = (
				8BC0E40C1E177A1C0087C7E2 /* Main.storyboard in Resources */,
				8BC0E40E1E177A1C0087C7E2 /* Assets.xcassets in Resources */,
				8BC0E4111E177A1C0087C7E2 /* LaunchScreen.storyboard in Resources */,
			);
			runOnlyForDeploymentPostprocessing = 0;
		};
		8BC0E4151E177A1C0087C7E2 /* Resources */ = {
			isa = PBXResourcesBuildPhase;
			buildActionMask = 2147483647;
			files = (
			);
			runOnlyForDeploymentPostprocessing = 0;
		};
		8BC0E4201E177A1C0087C7E2 /* Resources */ = {
			isa = PBXResourcesBuildPhase;
			buildActionMask = 2147483647;
			files = (
			);
			runOnlyForDeploymentPostprocessing = 0;
		};
/* End PBXResourcesBuildPhase section */

/* Begin PBXShellScriptBuildPhase section */
		5B94DF19EB5708E3DF12F93F /* [CP] Copy Pods Resources */ = {
			isa = PBXShellScriptBuildPhase;
			buildActionMask = 2147483647;
			files = (
			);
			inputPaths = (
			);
			name = "[CP] Copy Pods Resources";
			outputPaths = (
			);
			runOnlyForDeploymentPostprocessing = 0;
			shellPath = /bin/sh;
			shellScript = "\"${SRCROOT}/Pods/Target Support Files/Pods-TinyAgainstTheGiantsTests/Pods-TinyAgainstTheGiantsTests-resources.sh\"\n";
			showEnvVarsInLog = 0;
		};
		5DED1C87AA3756FB17C26692 /* [CP] Check Pods Manifest.lock */ = {
			isa = PBXShellScriptBuildPhase;
			buildActionMask = 2147483647;
			files = (
			);
			inputPaths = (
			);
			name = "[CP] Check Pods Manifest.lock";
			outputPaths = (
			);
			runOnlyForDeploymentPostprocessing = 0;
			shellPath = /bin/sh;
			shellScript = "diff \"${PODS_ROOT}/../Podfile.lock\" \"${PODS_ROOT}/Manifest.lock\" > /dev/null\nif [ $? != 0 ] ; then\n    # print error to STDERR\n    echo \"error: The sandbox is not in sync with the Podfile.lock. Run 'pod install' or update your CocoaPods installation.\" >&2\n    exit 1\nfi\n";
			showEnvVarsInLog = 0;
		};
		8B013D7F1E18C74200AC7D74 /* ShellScript */ = {
			isa = PBXShellScriptBuildPhase;
			buildActionMask = 2147483647;
			files = (
			);
			inputPaths = (
			);
			outputPaths = (
			);
			runOnlyForDeploymentPostprocessing = 0;
			shellPath = /bin/sh;
			shellScript = "if which swiftlint >/dev/null; then\nswiftlint\nelse\necho \"warning: SwiftLint not installed, download from https://github.com/realm/SwiftLint\"\nfi";
		};
		BCADFC51CAF44A9FF4B75666 /* [CP] Copy Pods Resources */ = {
			isa = PBXShellScriptBuildPhase;
			buildActionMask = 2147483647;
			files = (
			);
			inputPaths = (
			);
			name = "[CP] Copy Pods Resources";
			outputPaths = (
			);
			runOnlyForDeploymentPostprocessing = 0;
			shellPath = /bin/sh;
			shellScript = "\"${SRCROOT}/Pods/Target Support Files/Pods-TinyAgainstTheGiants/Pods-TinyAgainstTheGiants-resources.sh\"\n";
			showEnvVarsInLog = 0;
		};
		DBE649A3085B9FCF20E906B5 /* [CP] Check Pods Manifest.lock */ = {
			isa = PBXShellScriptBuildPhase;
			buildActionMask = 2147483647;
			files = (
			);
			inputPaths = (
			);
			name = "[CP] Check Pods Manifest.lock";
			outputPaths = (
			);
			runOnlyForDeploymentPostprocessing = 0;
			shellPath = /bin/sh;
			shellScript = "diff \"${PODS_ROOT}/../Podfile.lock\" \"${PODS_ROOT}/Manifest.lock\" > /dev/null\nif [ $? != 0 ] ; then\n    # print error to STDERR\n    echo \"error: The sandbox is not in sync with the Podfile.lock. Run 'pod install' or update your CocoaPods installation.\" >&2\n    exit 1\nfi\n";
			showEnvVarsInLog = 0;
		};
		F5C239266AC2553C885F8F5F /* [CP] Embed Pods Frameworks */ = {
			isa = PBXShellScriptBuildPhase;
			buildActionMask = 2147483647;
			files = (
			);
			inputPaths = (
			);
			name = "[CP] Embed Pods Frameworks";
			outputPaths = (
			);
			runOnlyForDeploymentPostprocessing = 0;
			shellPath = /bin/sh;
			shellScript = "\"${SRCROOT}/Pods/Target Support Files/Pods-TinyAgainstTheGiantsTests/Pods-TinyAgainstTheGiantsTests-frameworks.sh\"\n";
			showEnvVarsInLog = 0;
		};
		FE30F581D3F6C8CAB7835317 /* [CP] Embed Pods Frameworks */ = {
			isa = PBXShellScriptBuildPhase;
			buildActionMask = 2147483647;
			files = (
			);
			inputPaths = (
			);
			name = "[CP] Embed Pods Frameworks";
			outputPaths = (
			);
			runOnlyForDeploymentPostprocessing = 0;
			shellPath = /bin/sh;
			shellScript = "\"${SRCROOT}/Pods/Target Support Files/Pods-TinyAgainstTheGiants/Pods-TinyAgainstTheGiants-frameworks.sh\"\n";
			showEnvVarsInLog = 0;
		};
/* End PBXShellScriptBuildPhase section */

/* Begin PBXSourcesBuildPhase section */
		8BC0E3F91E177A1B0087C7E2 /* Sources */ = {
			isa = PBXSourcesBuildPhase;
			buildActionMask = 2147483647;
			files = (
				8BEAD7F51E19B1EC007F68C5 /* CameraBuilder.swift in Sources */,
				8BC0E4071E177A1C0087C7E2 /* GameScene.swift in Sources */,
				8B013D811E18CEFB00AC7D74 /* EntityManager.swift in Sources */,
				8B0EB1C91E194A9000128B41 /* EntityBuilder.swift in Sources */,
				8B013D761E18B85000AC7D74 /* RenderComponent.swift in Sources */,
				8BC0E4091E177A1C0087C7E2 /* GameViewController.swift in Sources */,
				8BC0E4011E177A1B0087C7E2 /* AppDelegate.swift in Sources */,
				8B013D7A1E18BED200AC7D74 /* SpriteComponent.swift in Sources */,
				8B013D721E18B5F900AC7D74 /* PlayerEntity.swift in Sources */,
			);
			runOnlyForDeploymentPostprocessing = 0;
		};
		8BC0E4131E177A1C0087C7E2 /* Sources */ = {
			isa = PBXSourcesBuildPhase;
			buildActionMask = 2147483647;
			files = (
				8B013D741E18B72E00AC7D74 /* PlayerEntityTests.swift in Sources */,
				8B013D701E18B15100AC7D74 /* GameSceneTests.swift in Sources */,
				8B0EB1CB1E194AAE00128B41 /* EntityBuilderTests.swift in Sources */,
				8B013D831E18CF5600AC7D74 /* EntityManagerTests.swift in Sources */,
				8B013D7C1E18BEE700AC7D74 /* SpriteComponentTests.swift in Sources */,
				8BEAD7F71E19B288007F68C5 /* CameraBuilderSpec.swift in Sources */,
				8B78380F1E1813E700A55B42 /* GameViewControllerTests.swift in Sources */,
				8B013D781E18B89C00AC7D74 /* RenderComponentTests.swift in Sources */,
			);
			runOnlyForDeploymentPostprocessing = 0;
		};
		8BC0E41E1E177A1C0087C7E2 /* Sources */ = {
			isa = PBXSourcesBuildPhase;
			buildActionMask = 2147483647;
			files = (
			);
			runOnlyForDeploymentPostprocessing = 0;
		};
/* End PBXSourcesBuildPhase section */

/* Begin PBXTargetDependency section */
		8BC0E4191E177A1C0087C7E2 /* PBXTargetDependency */ = {
			isa = PBXTargetDependency;
			target = 8BC0E3FC1E177A1B0087C7E2 /* TinyAgainstTheGiants */;
			targetProxy = 8BC0E4181E177A1C0087C7E2 /* PBXContainerItemProxy */;
		};
		8BC0E4241E177A1C0087C7E2 /* PBXTargetDependency */ = {
			isa = PBXTargetDependency;
			target = 8BC0E3FC1E177A1B0087C7E2 /* TinyAgainstTheGiants */;
			targetProxy = 8BC0E4231E177A1C0087C7E2 /* PBXContainerItemProxy */;
		};
/* End PBXTargetDependency section */

/* Begin PBXVariantGroup section */
		8BC0E40A1E177A1C0087C7E2 /* Main.storyboard */ = {
			isa = PBXVariantGroup;
			children = (
				8BC0E40B1E177A1C0087C7E2 /* Base */,
			);
			name = Main.storyboard;
			sourceTree = "<group>";
		};
		8BC0E40F1E177A1C0087C7E2 /* LaunchScreen.storyboard */ = {
			isa = PBXVariantGroup;
			children = (
				8BC0E4101E177A1C0087C7E2 /* Base */,
			);
			name = LaunchScreen.storyboard;
			sourceTree = "<group>";
		};
/* End PBXVariantGroup section */

/* Begin XCBuildConfiguration section */
		8BC0E4291E177A1C0087C7E2 /* Debug */ = {
			isa = XCBuildConfiguration;
			buildSettings = {
				ALWAYS_SEARCH_USER_PATHS = NO;
				CLANG_ANALYZER_NONNULL = YES;
				CLANG_CXX_LANGUAGE_STANDARD = "gnu++0x";
				CLANG_CXX_LIBRARY = "libc++";
				CLANG_ENABLE_MODULES = YES;
				CLANG_ENABLE_OBJC_ARC = YES;
				CLANG_WARN_BOOL_CONVERSION = YES;
				CLANG_WARN_CONSTANT_CONVERSION = YES;
				CLANG_WARN_DIRECT_OBJC_ISA_USAGE = YES_ERROR;
				CLANG_WARN_DOCUMENTATION_COMMENTS = YES;
				CLANG_WARN_EMPTY_BODY = YES;
				CLANG_WARN_ENUM_CONVERSION = YES;
				CLANG_WARN_INFINITE_RECURSION = YES;
				CLANG_WARN_INT_CONVERSION = YES;
				CLANG_WARN_OBJC_ROOT_CLASS = YES_ERROR;
				CLANG_WARN_SUSPICIOUS_MOVE = YES;
				CLANG_WARN_UNREACHABLE_CODE = YES;
				CLANG_WARN__DUPLICATE_METHOD_MATCH = YES;
				"CODE_SIGN_IDENTITY[sdk=iphoneos*]" = "iPhone Developer";
				COPY_PHASE_STRIP = NO;
				DEBUG_INFORMATION_FORMAT = dwarf;
				ENABLE_STRICT_OBJC_MSGSEND = YES;
				ENABLE_TESTABILITY = YES;
				GCC_C_LANGUAGE_STANDARD = gnu99;
				GCC_DYNAMIC_NO_PIC = NO;
				GCC_NO_COMMON_BLOCKS = YES;
				GCC_OPTIMIZATION_LEVEL = 0;
				GCC_PREPROCESSOR_DEFINITIONS = (
					"DEBUG=1",
					"$(inherited)",
				);
				GCC_WARN_64_TO_32_BIT_CONVERSION = YES;
				GCC_WARN_ABOUT_RETURN_TYPE = YES_ERROR;
				GCC_WARN_UNDECLARED_SELECTOR = YES;
				GCC_WARN_UNINITIALIZED_AUTOS = YES_AGGRESSIVE;
				GCC_WARN_UNUSED_FUNCTION = YES;
				GCC_WARN_UNUSED_VARIABLE = YES;
				IPHONEOS_DEPLOYMENT_TARGET = 10.2;
				MTL_ENABLE_DEBUG_INFO = YES;
				ONLY_ACTIVE_ARCH = YES;
				SDKROOT = iphoneos;
				SWIFT_ACTIVE_COMPILATION_CONDITIONS = DEBUG;
				SWIFT_OPTIMIZATION_LEVEL = "-Onone";
				TARGETED_DEVICE_FAMILY = "1,2";
			};
			name = Debug;
		};
		8BC0E42A1E177A1C0087C7E2 /* Release */ = {
			isa = XCBuildConfiguration;
			buildSettings = {
				ALWAYS_SEARCH_USER_PATHS = NO;
				CLANG_ANALYZER_NONNULL = YES;
				CLANG_CXX_LANGUAGE_STANDARD = "gnu++0x";
				CLANG_CXX_LIBRARY = "libc++";
				CLANG_ENABLE_MODULES = YES;
				CLANG_ENABLE_OBJC_ARC = YES;
				CLANG_WARN_BOOL_CONVERSION = YES;
				CLANG_WARN_CONSTANT_CONVERSION = YES;
				CLANG_WARN_DIRECT_OBJC_ISA_USAGE = YES_ERROR;
				CLANG_WARN_DOCUMENTATION_COMMENTS = YES;
				CLANG_WARN_EMPTY_BODY = YES;
				CLANG_WARN_ENUM_CONVERSION = YES;
				CLANG_WARN_INFINITE_RECURSION = YES;
				CLANG_WARN_INT_CONVERSION = YES;
				CLANG_WARN_OBJC_ROOT_CLASS = YES_ERROR;
				CLANG_WARN_SUSPICIOUS_MOVE = YES;
				CLANG_WARN_UNREACHABLE_CODE = YES;
				CLANG_WARN__DUPLICATE_METHOD_MATCH = YES;
				"CODE_SIGN_IDENTITY[sdk=iphoneos*]" = "iPhone Developer";
				COPY_PHASE_STRIP = NO;
				DEBUG_INFORMATION_FORMAT = "dwarf-with-dsym";
				ENABLE_NS_ASSERTIONS = NO;
				ENABLE_STRICT_OBJC_MSGSEND = YES;
				GCC_C_LANGUAGE_STANDARD = gnu99;
				GCC_NO_COMMON_BLOCKS = YES;
				GCC_WARN_64_TO_32_BIT_CONVERSION = YES;
				GCC_WARN_ABOUT_RETURN_TYPE = YES_ERROR;
				GCC_WARN_UNDECLARED_SELECTOR = YES;
				GCC_WARN_UNINITIALIZED_AUTOS = YES_AGGRESSIVE;
				GCC_WARN_UNUSED_FUNCTION = YES;
				GCC_WARN_UNUSED_VARIABLE = YES;
				IPHONEOS_DEPLOYMENT_TARGET = 10.2;
				MTL_ENABLE_DEBUG_INFO = NO;
				SDKROOT = iphoneos;
				SWIFT_OPTIMIZATION_LEVEL = "-Owholemodule";
				TARGETED_DEVICE_FAMILY = "1,2";
				VALIDATE_PRODUCT = YES;
			};
			name = Release;
		};
		8BC0E42C1E177A1C0087C7E2 /* Debug */ = {
			isa = XCBuildConfiguration;
			baseConfigurationReference = 2045F7740570CFA5424B13AD /* Pods-TinyAgainstTheGiants.debug.xcconfig */;
			buildSettings = {
				ASSETCATALOG_COMPILER_APPICON_NAME = AppIcon;
				DEVELOPMENT_TEAM = 38CJ7RTF4Q;
				INFOPLIST_FILE = TinyAgainstTheGiants/Info.plist;
				IPHONEOS_DEPLOYMENT_TARGET = 10.0;
				LD_RUNPATH_SEARCH_PATHS = "$(inherited) @executable_path/Frameworks";
				PRODUCT_BUNDLE_IDENTIFIER = com.Vantan.LLC.TinyAgainstTheGiants;
				PRODUCT_NAME = "$(TARGET_NAME)";
				SWIFT_VERSION = 3.0;
			};
			name = Debug;
		};
		8BC0E42D1E177A1C0087C7E2 /* Release */ = {
			isa = XCBuildConfiguration;
			baseConfigurationReference = C899D8E53AB62DBECDADCEE0 /* Pods-TinyAgainstTheGiants.release.xcconfig */;
			buildSettings = {
				ASSETCATALOG_COMPILER_APPICON_NAME = AppIcon;
				DEVELOPMENT_TEAM = 38CJ7RTF4Q;
				INFOPLIST_FILE = TinyAgainstTheGiants/Info.plist;
				IPHONEOS_DEPLOYMENT_TARGET = 10.0;
				LD_RUNPATH_SEARCH_PATHS = "$(inherited) @executable_path/Frameworks";
				PRODUCT_BUNDLE_IDENTIFIER = com.Vantan.LLC.TinyAgainstTheGiants;
				PRODUCT_NAME = "$(TARGET_NAME)";
				SWIFT_VERSION = 3.0;
			};
			name = Release;
		};
		8BC0E42F1E177A1C0087C7E2 /* Debug */ = {
			isa = XCBuildConfiguration;
			baseConfigurationReference = 0F1FC4526E2119A2CDFFD06C /* Pods-TinyAgainstTheGiantsTests.debug.xcconfig */;
			buildSettings = {
				ALWAYS_EMBED_SWIFT_STANDARD_LIBRARIES = YES;
				BUNDLE_LOADER = "$(TEST_HOST)";
				DEVELOPMENT_TEAM = 38CJ7RTF4Q;
				INFOPLIST_FILE = TinyAgainstTheGiantsTests/Info.plist;
				LD_RUNPATH_SEARCH_PATHS = "$(inherited) @executable_path/Frameworks @loader_path/Frameworks";
				PRODUCT_BUNDLE_IDENTIFIER = com.Vantan.LLC.TinyAgainstTheGiantsTests;
				PRODUCT_NAME = "$(TARGET_NAME)";
				SWIFT_VERSION = 3.0;
				TEST_HOST = "$(BUILT_PRODUCTS_DIR)/TinyAgainstTheGiants.app/TinyAgainstTheGiants";
			};
			name = Debug;
		};
		8BC0E4301E177A1C0087C7E2 /* Release */ = {
			isa = XCBuildConfiguration;
			baseConfigurationReference = 2BB815FE8D9A209C0DF243D5 /* Pods-TinyAgainstTheGiantsTests.release.xcconfig */;
			buildSettings = {
				ALWAYS_EMBED_SWIFT_STANDARD_LIBRARIES = YES;
				BUNDLE_LOADER = "$(TEST_HOST)";
				DEVELOPMENT_TEAM = 38CJ7RTF4Q;
				INFOPLIST_FILE = TinyAgainstTheGiantsTests/Info.plist;
				LD_RUNPATH_SEARCH_PATHS = "$(inherited) @executable_path/Frameworks @loader_path/Frameworks";
				PRODUCT_BUNDLE_IDENTIFIER = com.Vantan.LLC.TinyAgainstTheGiantsTests;
				PRODUCT_NAME = "$(TARGET_NAME)";
				SWIFT_VERSION = 3.0;
				TEST_HOST = "$(BUILT_PRODUCTS_DIR)/TinyAgainstTheGiants.app/TinyAgainstTheGiants";
			};
			name = Release;
		};
		8BC0E4321E177A1C0087C7E2 /* Debug */ = {
			isa = XCBuildConfiguration;
			buildSettings = {
				ALWAYS_EMBED_SWIFT_STANDARD_LIBRARIES = YES;
				DEVELOPMENT_TEAM = 38CJ7RTF4Q;
				INFOPLIST_FILE = TinyAgainstTheGiantsUITests/Info.plist;
				LD_RUNPATH_SEARCH_PATHS = "$(inherited) @executable_path/Frameworks @loader_path/Frameworks";
				PRODUCT_BUNDLE_IDENTIFIER = com.Vantan.LLC.TinyAgainstTheGiantsUITests;
				PRODUCT_NAME = "$(TARGET_NAME)";
				SWIFT_VERSION = 3.0;
				TEST_TARGET_NAME = TinyAgainstTheGiants;
			};
			name = Debug;
		};
		8BC0E4331E177A1C0087C7E2 /* Release */ = {
			isa = XCBuildConfiguration;
			buildSettings = {
				ALWAYS_EMBED_SWIFT_STANDARD_LIBRARIES = YES;
				DEVELOPMENT_TEAM = 38CJ7RTF4Q;
				INFOPLIST_FILE = TinyAgainstTheGiantsUITests/Info.plist;
				LD_RUNPATH_SEARCH_PATHS = "$(inherited) @executable_path/Frameworks @loader_path/Frameworks";
				PRODUCT_BUNDLE_IDENTIFIER = com.Vantan.LLC.TinyAgainstTheGiantsUITests;
				PRODUCT_NAME = "$(TARGET_NAME)";
				SWIFT_VERSION = 3.0;
				TEST_TARGET_NAME = TinyAgainstTheGiants;
			};
			name = Release;
		};
/* End XCBuildConfiguration section */

/* Begin XCConfigurationList section */
		8BC0E3F81E177A1B0087C7E2 /* Build configuration list for PBXProject "TinyAgainstTheGiants" */ = {
			isa = XCConfigurationList;
			buildConfigurations = (
				8BC0E4291E177A1C0087C7E2 /* Debug */,
				8BC0E42A1E177A1C0087C7E2 /* Release */,
			);
			defaultConfigurationIsVisible = 0;
			defaultConfigurationName = Release;
		};
		8BC0E42B1E177A1C0087C7E2 /* Build configuration list for PBXNativeTarget "TinyAgainstTheGiants" */ = {
			isa = XCConfigurationList;
			buildConfigurations = (
				8BC0E42C1E177A1C0087C7E2 /* Debug */,
				8BC0E42D1E177A1C0087C7E2 /* Release */,
			);
			defaultConfigurationIsVisible = 0;
			defaultConfigurationName = Release;
		};
		8BC0E42E1E177A1C0087C7E2 /* Build configuration list for PBXNativeTarget "TinyAgainstTheGiantsTests" */ = {
			isa = XCConfigurationList;
			buildConfigurations = (
				8BC0E42F1E177A1C0087C7E2 /* Debug */,
				8BC0E4301E177A1C0087C7E2 /* Release */,
			);
			defaultConfigurationIsVisible = 0;
			defaultConfigurationName = Release;
		};
		8BC0E4311E177A1C0087C7E2 /* Build configuration list for PBXNativeTarget "TinyAgainstTheGiantsUITests" */ = {
			isa = XCConfigurationList;
			buildConfigurations = (
				8BC0E4321E177A1C0087C7E2 /* Debug */,
				8BC0E4331E177A1C0087C7E2 /* Release */,
			);
			defaultConfigurationIsVisible = 0;
			defaultConfigurationName = Release;
		};
/* End XCConfigurationList section */
	};
	rootObject = 8BC0E3F51E177A1B0087C7E2 /* Project object */;
}
